
Microsoft Visual Studio Solution File, Format Version 12.00
# Visual Studio Version 16
VisualStudioVersion = 16.0.30907.101
MinimumVisualStudioVersion = 10.0.40219.1
Project("{2150E333-8FDC-42A3-9474-1A3956D46DE8}") = "Data", "Data", "{95D5B5F8-AA76-4129-AD41-8F3BDB26CF5E}"
EndProject
Project("{2150E333-8FDC-42A3-9474-1A3956D46DE8}") = "API", "API", "{0F4022B0-2503-4786-9BE5-FB9B1F89344E}"
EndProject
Project("{2150E333-8FDC-42A3-9474-1A3956D46DE8}") = "Services", "Services", "{2B6AF027-7445-45BE-86AE-F41885D440EF}"
EndProject
Project("{2150E333-8FDC-42A3-9474-1A3956D46DE8}") = "UI", "UI", "{6242F99E-B6C2-4416-BBC2-A93243E0FE79}"
EndProject
Project("{2150E333-8FDC-42A3-9474-1A3956D46DE8}") = "Utility", "Utility", "{A5234160-739C-42BD-97E0-40AE1D9EFB9D}"
EndProject
Project("{9A19103F-16F7-4668-BE54-9A1E7A4F7556}") = "CERA.Azure.Service", "CERA.Azure.Service\CERA.Azure.Service.csproj", "{A8080BE7-89C9-46A1-8A36-29CAF7815513}"
EndProject
Project("{9A19103F-16F7-4668-BE54-9A1E7A4F7556}") = "CERA.Azure.Data", "CERA.Azure.Data\CERA.Azure.Data.csproj", "{59DE2BF6-C4B2-4558-837F-53726EA63115}"
EndProject
Project("{2150E333-8FDC-42A3-9474-1A3956D46DE8}") = "SDK", "SDK", "{2AC103F5-A3CF-49A9-8D33-8B2AADEC360D}"
EndProject
Project("{9A19103F-16F7-4668-BE54-9A1E7A4F7556}") = "CERA.Azure.SDK", "CERA.Azure.SDK\CERA.Azure.SDK.csproj", "{01331B20-2644-4647-8704-692898D4DD05}"
EndProject
Project("{2150E333-8FDC-42A3-9474-1A3956D46DE8}") = "Services", "Services", "{21D6E413-06D9-4821-BB57-AB292D59C0A7}"
EndProject
Project("{2150E333-8FDC-42A3-9474-1A3956D46DE8}") = "Application", "Application", "{0FB19D69-09CB-4C3E-B198-019A0F515475}"
EndProject
Project("{FAE04EC0-301F-11D3-BF4B-00C04F79EFBC}") = "CERA.Azure.API", "CERA.Azure.API\CERA.Azure.API.csproj", "{122EBDB7-0DC9-4EFB-89F9-1207906AEDB8}"
EndProject
Project("{FAE04EC0-301F-11D3-BF4B-00C04F79EFBC}") = "CERA.Azure.APIServices", "CERA.Azure.APIServices\CERA.Azure.APIServices.csproj", "{93D43827-F70E-4729-B58C-C72EB3507996}"
EndProject
Global
	GlobalSection(SolutionConfigurationPlatforms) = preSolution
		Debug|Any CPU = Debug|Any CPU
		Release|Any CPU = Release|Any CPU
	EndGlobalSection
	GlobalSection(ProjectConfigurationPlatforms) = postSolution
		{A8080BE7-89C9-46A1-8A36-29CAF7815513}.Debug|Any CPU.ActiveCfg = Debug|Any CPU
		{A8080BE7-89C9-46A1-8A36-29CAF7815513}.Debug|Any CPU.Build.0 = Debug|Any CPU
		{A8080BE7-89C9-46A1-8A36-29CAF7815513}.Release|Any CPU.ActiveCfg = Release|Any CPU
		{A8080BE7-89C9-46A1-8A36-29CAF7815513}.Release|Any CPU.Build.0 = Release|Any CPU
		{59DE2BF6-C4B2-4558-837F-53726EA63115}.Debug|Any CPU.ActiveCfg = Debug|Any CPU
		{59DE2BF6-C4B2-4558-837F-53726EA63115}.Debug|Any CPU.Build.0 = Debug|Any CPU
		{59DE2BF6-C4B2-4558-837F-53726EA63115}.Release|Any CPU.ActiveCfg = Release|Any CPU
		{59DE2BF6-C4B2-4558-837F-53726EA63115}.Release|Any CPU.Build.0 = Release|Any CPU
		{01331B20-2644-4647-8704-692898D4DD05}.Debug|Any CPU.ActiveCfg = Debug|Any CPU
		{01331B20-2644-4647-8704-692898D4DD05}.Debug|Any CPU.Build.0 = Debug|Any CPU
		{01331B20-2644-4647-8704-692898D4DD05}.Release|Any CPU.ActiveCfg = Release|Any CPU
		{01331B20-2644-4647-8704-692898D4DD05}.Release|Any CPU.Build.0 = Release|Any CPU
		{122EBDB7-0DC9-4EFB-89F9-1207906AEDB8}.Debug|Any CPU.ActiveCfg = Debug|Any CPU
		{122EBDB7-0DC9-4EFB-89F9-1207906AEDB8}.Debug|Any CPU.Build.0 = Debug|Any CPU
		{122EBDB7-0DC9-4EFB-89F9-1207906AEDB8}.Release|Any CPU.ActiveCfg = Release|Any CPU
		{122EBDB7-0DC9-4EFB-89F9-1207906AEDB8}.Release|Any CPU.Build.0 = Release|Any CPU
		{93D43827-F70E-4729-B58C-C72EB3507996}.Debug|Any CPU.ActiveCfg = Debug|Any CPU
		{93D43827-F70E-4729-B58C-C72EB3507996}.Debug|Any CPU.Build.0 = Debug|Any CPU
		{93D43827-F70E-4729-B58C-C72EB3507996}.Release|Any CPU.ActiveCfg = Release|Any CPU
		{93D43827-F70E-4729-B58C-C72EB3507996}.Release|Any CPU.Build.0 = Release|Any CPU
	EndGlobalSection
	GlobalSection(SolutionProperties) = preSolution
		HideSolutionNode = FALSE
	EndGlobalSection
	GlobalSection(NestedProjects) = preSolution
		{A8080BE7-89C9-46A1-8A36-29CAF7815513} = {2B6AF027-7445-45BE-86AE-F41885D440EF}
		{59DE2BF6-C4B2-4558-837F-53726EA63115} = {95D5B5F8-AA76-4129-AD41-8F3BDB26CF5E}
		{01331B20-2644-4647-8704-692898D4DD05} = {2AC103F5-A3CF-49A9-8D33-8B2AADEC360D}
		{21D6E413-06D9-4821-BB57-AB292D59C0A7} = {0F4022B0-2503-4786-9BE5-FB9B1F89344E}
		{0FB19D69-09CB-4C3E-B198-019A0F515475} = {0F4022B0-2503-4786-9BE5-FB9B1F89344E}
		{122EBDB7-0DC9-4EFB-89F9-1207906AEDB8} = {0FB19D69-09CB-4C3E-B198-019A0F515475}
		{93D43827-F70E-4729-B58C-C72EB3507996} = {21D6E413-06D9-4821-BB57-AB292D59C0A7}
	EndGlobalSection
	GlobalSection(ExtensibilityGlobals) = postSolution
		SolutionGuid = {07858EDB-D620-4CEF-B6F0-7E9BFE43163C}
	EndGlobalSection
EndGlobal
