
Microsoft Visual Studio Solution File, Format Version 12.00
# Visual Studio Version 16
VisualStudioVersion = 16.0.30907.101
MinimumVisualStudioVersion = 10.0.40219.1
Project("{2150E333-8FDC-42A3-9474-1A3956D46DE8}") = "Data", "Data", "{95D5B5F8-AA76-4129-AD41-8F3BDB26CF5E}"
EndProject
Project("{2150E333-8FDC-42A3-9474-1A3956D46DE8}") = "PublicAPIs", "PublicAPIs", "{0F4022B0-2503-4786-9BE5-FB9B1F89344E}"
EndProject
Project("{2150E333-8FDC-42A3-9474-1A3956D46DE8}") = "SyncServices", "SyncServices", "{2B6AF027-7445-45BE-86AE-F41885D440EF}"
EndProject
Project("{2150E333-8FDC-42A3-9474-1A3956D46DE8}") = "UI", "UI", "{6242F99E-B6C2-4416-BBC2-A93243E0FE79}"
EndProject
Project("{2150E333-8FDC-42A3-9474-1A3956D46DE8}") = "Utility", "Utility", "{A5234160-739C-42BD-97E0-40AE1D9EFB9D}"
EndProject
Project("{9A19103F-16F7-4668-BE54-9A1E7A4F7556}") = "CERA.Azure.Data", "CERA.Azure.Data\CERA.Azure.Data.csproj", "{59DE2BF6-C4B2-4558-837F-53726EA63115}"
EndProject
Project("{2150E333-8FDC-42A3-9474-1A3956D46DE8}") = "Cloud.Plugins", "Cloud.Plugins", "{2AC103F5-A3CF-49A9-8D33-8B2AADEC360D}"
EndProject
Project("{9A19103F-16F7-4668-BE54-9A1E7A4F7556}") = "CERA.Azure.SDK", "CERA.Azure.SDK\CERA.Azure.SDK.csproj", "{01331B20-2644-4647-8704-692898D4DD05}"
EndProject
Project("{2150E333-8FDC-42A3-9474-1A3956D46DE8}") = "APIServices", "APIServices", "{21D6E413-06D9-4821-BB57-AB292D59C0A7}"
EndProject
Project("{2150E333-8FDC-42A3-9474-1A3956D46DE8}") = "Application", "Application", "{0FB19D69-09CB-4C3E-B198-019A0F515475}"
EndProject
Project("{9A19103F-16F7-4668-BE54-9A1E7A4F7556}") = "CERA.Azure.API", "CERA.Azure.API\CERA.Azure.API.csproj", "{122EBDB7-0DC9-4EFB-89F9-1207906AEDB8}"
EndProject
Project("{9A19103F-16F7-4668-BE54-9A1E7A4F7556}") = "CERA.Azure.APIServices", "CERA.Azure.APIServices\CERA.Azure.APIServices.csproj", "{93D43827-F70E-4729-B58C-C72EB3507996}"
EndProject
Project("{2150E333-8FDC-42A3-9474-1A3956D46DE8}") = "ODataAPI", "ODataAPI", "{4C9B8B76-EDDC-42CD-B42A-FCFED2CEA9D1}"
EndProject
Project("{9A19103F-16F7-4668-BE54-9A1E7A4F7556}") = "CERA.Azure.ODataAPI", "CERA.Azure.ODataAPI\CERA.Azure.ODataAPI.csproj", "{2D5355ED-4C77-4DC5-957B-2A28AF5A267F}"
EndProject
Project("{2150E333-8FDC-42A3-9474-1A3956D46DE8}") = "Services", "Services", "{555326A3-E51F-4C48-BECF-CA9FF992F6FB}"
EndProject
Project("{FAE04EC0-301F-11D3-BF4B-00C04F79EFBC}") = "CERA.Azure.SyncService", "CERA.Azure.SyncService\CERA.Azure.SyncService.csproj", "{02499AC7-5ABE-4E37-A6C6-F5246DB127E2}"
EndProject
Project("{2150E333-8FDC-42A3-9474-1A3956D46DE8}") = "Gateways", "Gateways", "{17E5CFA5-672C-4596-8EC3-E71C81177634}"
EndProject
Project("{FAE04EC0-301F-11D3-BF4B-00C04F79EFBC}") = "CERA.Logging", "CERA.Logging\CERA.Logging.csproj", "{82D50166-5D5E-4B8B-82D6-2479052CA65D}"
EndProject
Project("{FAE04EC0-301F-11D3-BF4B-00C04F79EFBC}") = "CERA.Converter", "CERA.Converter\CERA.Converter.csproj", "{53AFEC06-6AE0-4363-8EFB-666B94D537A2}"
EndProject
Global
	GlobalSection(SolutionConfigurationPlatforms) = preSolution
		Debug|Any CPU = Debug|Any CPU
		Release|Any CPU = Release|Any CPU
	EndGlobalSection
	GlobalSection(ProjectConfigurationPlatforms) = postSolution
		{59DE2BF6-C4B2-4558-837F-53726EA63115}.Debug|Any CPU.ActiveCfg = Debug|Any CPU
		{59DE2BF6-C4B2-4558-837F-53726EA63115}.Debug|Any CPU.Build.0 = Debug|Any CPU
		{59DE2BF6-C4B2-4558-837F-53726EA63115}.Release|Any CPU.ActiveCfg = Release|Any CPU
		{59DE2BF6-C4B2-4558-837F-53726EA63115}.Release|Any CPU.Build.0 = Release|Any CPU
		{01331B20-2644-4647-8704-692898D4DD05}.Debug|Any CPU.ActiveCfg = Debug|Any CPU
		{01331B20-2644-4647-8704-692898D4DD05}.Debug|Any CPU.Build.0 = Debug|Any CPU
		{01331B20-2644-4647-8704-692898D4DD05}.Release|Any CPU.ActiveCfg = Release|Any CPU
		{01331B20-2644-4647-8704-692898D4DD05}.Release|Any CPU.Build.0 = Release|Any CPU
		{122EBDB7-0DC9-4EFB-89F9-1207906AEDB8}.Debug|Any CPU.ActiveCfg = Debug|Any CPU
		{122EBDB7-0DC9-4EFB-89F9-1207906AEDB8}.Debug|Any CPU.Build.0 = Debug|Any CPU
		{122EBDB7-0DC9-4EFB-89F9-1207906AEDB8}.Release|Any CPU.ActiveCfg = Release|Any CPU
		{122EBDB7-0DC9-4EFB-89F9-1207906AEDB8}.Release|Any CPU.Build.0 = Release|Any CPU
		{93D43827-F70E-4729-B58C-C72EB3507996}.Debug|Any CPU.ActiveCfg = Debug|Any CPU
		{93D43827-F70E-4729-B58C-C72EB3507996}.Debug|Any CPU.Build.0 = Debug|Any CPU
		{93D43827-F70E-4729-B58C-C72EB3507996}.Release|Any CPU.ActiveCfg = Release|Any CPU
		{93D43827-F70E-4729-B58C-C72EB3507996}.Release|Any CPU.Build.0 = Release|Any CPU
		{2D5355ED-4C77-4DC5-957B-2A28AF5A267F}.Debug|Any CPU.ActiveCfg = Debug|Any CPU
		{2D5355ED-4C77-4DC5-957B-2A28AF5A267F}.Debug|Any CPU.Build.0 = Debug|Any CPU
		{2D5355ED-4C77-4DC5-957B-2A28AF5A267F}.Release|Any CPU.ActiveCfg = Release|Any CPU
		{2D5355ED-4C77-4DC5-957B-2A28AF5A267F}.Release|Any CPU.Build.0 = Release|Any CPU
		{02499AC7-5ABE-4E37-A6C6-F5246DB127E2}.Debug|Any CPU.ActiveCfg = Debug|Any CPU
		{02499AC7-5ABE-4E37-A6C6-F5246DB127E2}.Debug|Any CPU.Build.0 = Debug|Any CPU
		{02499AC7-5ABE-4E37-A6C6-F5246DB127E2}.Release|Any CPU.ActiveCfg = Release|Any CPU
		{02499AC7-5ABE-4E37-A6C6-F5246DB127E2}.Release|Any CPU.Build.0 = Release|Any CPU
		{82D50166-5D5E-4B8B-82D6-2479052CA65D}.Debug|Any CPU.ActiveCfg = Debug|Any CPU
		{82D50166-5D5E-4B8B-82D6-2479052CA65D}.Debug|Any CPU.Build.0 = Debug|Any CPU
		{82D50166-5D5E-4B8B-82D6-2479052CA65D}.Release|Any CPU.ActiveCfg = Release|Any CPU
		{82D50166-5D5E-4B8B-82D6-2479052CA65D}.Release|Any CPU.Build.0 = Release|Any CPU
		{53AFEC06-6AE0-4363-8EFB-666B94D537A2}.Debug|Any CPU.ActiveCfg = Debug|Any CPU
		{53AFEC06-6AE0-4363-8EFB-666B94D537A2}.Debug|Any CPU.Build.0 = Debug|Any CPU
		{53AFEC06-6AE0-4363-8EFB-666B94D537A2}.Release|Any CPU.ActiveCfg = Release|Any CPU
		{53AFEC06-6AE0-4363-8EFB-666B94D537A2}.Release|Any CPU.Build.0 = Release|Any CPU
	EndGlobalSection
	GlobalSection(SolutionProperties) = preSolution
		HideSolutionNode = FALSE
	EndGlobalSection
	GlobalSection(NestedProjects) = preSolution
		{2B6AF027-7445-45BE-86AE-F41885D440EF} = {555326A3-E51F-4C48-BECF-CA9FF992F6FB}
		{59DE2BF6-C4B2-4558-837F-53726EA63115} = {95D5B5F8-AA76-4129-AD41-8F3BDB26CF5E}
		{01331B20-2644-4647-8704-692898D4DD05} = {2AC103F5-A3CF-49A9-8D33-8B2AADEC360D}
		{21D6E413-06D9-4821-BB57-AB292D59C0A7} = {555326A3-E51F-4C48-BECF-CA9FF992F6FB}
		{0FB19D69-09CB-4C3E-B198-019A0F515475} = {0F4022B0-2503-4786-9BE5-FB9B1F89344E}
		{122EBDB7-0DC9-4EFB-89F9-1207906AEDB8} = {0FB19D69-09CB-4C3E-B198-019A0F515475}
		{93D43827-F70E-4729-B58C-C72EB3507996} = {21D6E413-06D9-4821-BB57-AB292D59C0A7}
		{4C9B8B76-EDDC-42CD-B42A-FCFED2CEA9D1} = {0F4022B0-2503-4786-9BE5-FB9B1F89344E}
		{2D5355ED-4C77-4DC5-957B-2A28AF5A267F} = {4C9B8B76-EDDC-42CD-B42A-FCFED2CEA9D1}
		{02499AC7-5ABE-4E37-A6C6-F5246DB127E2} = {2B6AF027-7445-45BE-86AE-F41885D440EF}
		{17E5CFA5-672C-4596-8EC3-E71C81177634} = {0F4022B0-2503-4786-9BE5-FB9B1F89344E}
		{82D50166-5D5E-4B8B-82D6-2479052CA65D} = {A5234160-739C-42BD-97E0-40AE1D9EFB9D}
		{53AFEC06-6AE0-4363-8EFB-666B94D537A2} = {A5234160-739C-42BD-97E0-40AE1D9EFB9D}
	EndGlobalSection
	GlobalSection(ExtensibilityGlobals) = postSolution
		SolutionGuid = {07858EDB-D620-4CEF-B6F0-7E9BFE43163C}
	EndGlobalSection
EndGlobal
